
Microsoft Visual Studio Solution File, Format Version 12.00
# Visual Studio Version 17
VisualStudioVersion = 17.1.32319.34
MinimumVisualStudioVersion = 10.0.40219.1
Project("{9A19103F-16F7-4668-BE54-9A1E7A4F7556}") = "Pets.Module", "Pets.Module\Pets.Module.csproj", "{C8F1A6D0-FC17-4728-819C-8CA0AAF5482C}"
EndProject
Project("{9A19103F-16F7-4668-BE54-9A1E7A4F7556}") = "Pets.Module.Win", "Pets.Module.Win\Pets.Module.Win.csproj", "{F59DCB59-EA06-4844-B826-F42C46406CF2}"
EndProject
Project("{9A19103F-16F7-4668-BE54-9A1E7A4F7556}") = "Pets.Win", "Pets.Win\Pets.Win.csproj", "{F1D381C6-5F04-44F2-AB0D-359B801A3FB3}"
EndProject
Global
	GlobalSection(SolutionConfigurationPlatforms) = preSolution
		Debug|Any CPU = Debug|Any CPU
		EasyTest|Any CPU = EasyTest|Any CPU
		Release|Any CPU = Release|Any CPU
	EndGlobalSection
	GlobalSection(ProjectConfigurationPlatforms) = postSolution
		{C8F1A6D0-FC17-4728-819C-8CA0AAF5482C}.Debug|Any CPU.ActiveCfg = Debug|Any CPU
		{C8F1A6D0-FC17-4728-819C-8CA0AAF5482C}.Debug|Any CPU.Build.0 = Debug|Any CPU
		{C8F1A6D0-FC17-4728-819C-8CA0AAF5482C}.EasyTest|Any CPU.ActiveCfg = EasyTest|Any CPU
		{C8F1A6D0-FC17-4728-819C-8CA0AAF5482C}.EasyTest|Any CPU.Build.0 = EasyTest|Any CPU
		{C8F1A6D0-FC17-4728-819C-8CA0AAF5482C}.Release|Any CPU.ActiveCfg = Release|Any CPU
		{C8F1A6D0-FC17-4728-819C-8CA0AAF5482C}.Release|Any CPU.Build.0 = Release|Any CPU
		{F59DCB59-EA06-4844-B826-F42C46406CF2}.Debug|Any CPU.ActiveCfg = Debug|Any CPU
		{F59DCB59-EA06-4844-B826-F42C46406CF2}.Debug|Any CPU.Build.0 = Debug|Any CPU
		{F59DCB59-EA06-4844-B826-F42C46406CF2}.EasyTest|Any CPU.ActiveCfg = EasyTest|Any CPU
		{F59DCB59-EA06-4844-B826-F42C46406CF2}.EasyTest|Any CPU.Build.0 = EasyTest|Any CPU
		{F59DCB59-EA06-4844-B826-F42C46406CF2}.Release|Any CPU.ActiveCfg = Release|Any CPU
		{F59DCB59-EA06-4844-B826-F42C46406CF2}.Release|Any CPU.Build.0 = Release|Any CPU
		{F1D381C6-5F04-44F2-AB0D-359B801A3FB3}.Debug|Any CPU.ActiveCfg = Debug|Any CPU
		{F1D381C6-5F04-44F2-AB0D-359B801A3FB3}.Debug|Any CPU.Build.0 = Debug|Any CPU
		{F1D381C6-5F04-44F2-AB0D-359B801A3FB3}.EasyTest|Any CPU.ActiveCfg = EasyTest|Any CPU
		{F1D381C6-5F04-44F2-AB0D-359B801A3FB3}.EasyTest|Any CPU.Build.0 = EasyTest|Any CPU
		{F1D381C6-5F04-44F2-AB0D-359B801A3FB3}.Release|Any CPU.ActiveCfg = Release|Any CPU
		{F1D381C6-5F04-44F2-AB0D-359B801A3FB3}.Release|Any CPU.Build.0 = Release|Any CPU
	EndGlobalSection
	GlobalSection(SolutionProperties) = preSolution
		HideSolutionNode = FALSE
	EndGlobalSection
	GlobalSection(ExtensibilityGlobals) = postSolution
		SolutionGuid = {0A29FEA0-8E34-4030-9536-119DB67076A5}
	EndGlobalSection
EndGlobal
